
Microsoft Visual Studio Solution File, Format Version 12.00
# Visual Studio Version 16
VisualStudioVersion = 16.0.30114.105
MinimumVisualStudioVersion = 10.0.40219.1
Project("{FAE04EC0-301F-11D3-BF4B-00C04F79EFBC}") = "WebApp", "WebApp\WebApp.csproj", "{8C2AB7CE-3724-49EC-BBC8-9D81E07EA035}"
EndProject
Global
	GlobalSection(SolutionConfigurationPlatforms) = preSolution
		Debug|Any CPU = Debug|Any CPU
		Release|Any CPU = Release|Any CPU
	EndGlobalSection
	GlobalSection(ProjectConfigurationPlatforms) = postSolution
		{8C2AB7CE-3724-49EC-BBC8-9D81E07EA035}.Debug|Any CPU.ActiveCfg = Debug|Any CPU
		{8C2AB7CE-3724-49EC-BBC8-9D81E07EA035}.Debug|Any CPU.Build.0 = Debug|Any CPU
		{8C2AB7CE-3724-49EC-BBC8-9D81E07EA035}.Release|Any CPU.ActiveCfg = Release|Any CPU
		{8C2AB7CE-3724-49EC-BBC8-9D81E07EA035}.Release|Any CPU.Build.0 = Release|Any CPU
	EndGlobalSection
	GlobalSection(SolutionProperties) = preSolution
		HideSolutionNode = FALSE
	EndGlobalSection
	GlobalSection(ExtensibilityGlobals) = postSolution
		SolutionGuid = {7326881B-8049-4D2C-8206-EA3D5AD9CC38}
	EndGlobalSection
EndGlobal
